// !$*UTF8*$!
{
	archiveVersion = 1;
	classes = {
	};
	objectVersion = 50;
	objects = {

/* Begin PBXBuildFile section */
		B11CED08230E81380083970A /* AppDelegate.swift in Sources */ = {isa = PBXBuildFile; fileRef = B11CED07230E81380083970A /* AppDelegate.swift */; };
		B11CED0A230E81380083970A /* ViewController.swift in Sources */ = {isa = PBXBuildFile; fileRef = B11CED09230E81380083970A /* ViewController.swift */; };
		B11CED0D230E81380083970A /* Home.storyboard in Resources */ = {isa = PBXBuildFile; fileRef = B11CED0B230E81380083970A /* Home.storyboard */; };
		B11CED0F230E81390083970A /* Assets.xcassets in Resources */ = {isa = PBXBuildFile; fileRef = B11CED0E230E81390083970A /* Assets.xcassets */; };
		B11CED12230E81390083970A /* LaunchScreen.storyboard in Resources */ = {isa = PBXBuildFile; fileRef = B11CED10230E81390083970A /* LaunchScreen.storyboard */; };
		B11CED30230E9B440083970A /* OnBoarding.storyboard in Resources */ = {isa = PBXBuildFile; fileRef = B11CED2B230E9B440083970A /* OnBoarding.storyboard */; };
		B11CED31230E9B440083970A /* Slide.xib in Resources */ = {isa = PBXBuildFile; fileRef = B11CED2C230E9B440083970A /* Slide.xib */; };
		B11CED32230E9B440083970A /* GetStarted.swift in Sources */ = {isa = PBXBuildFile; fileRef = B11CED2D230E9B440083970A /* GetStarted.swift */; };
		B11CED33230E9B440083970A /* Slide.swift in Sources */ = {isa = PBXBuildFile; fileRef = B11CED2E230E9B440083970A /* Slide.swift */; };
		B11CED34230E9B440083970A /* OnboardingController.swift in Sources */ = {isa = PBXBuildFile; fileRef = B11CED2F230E9B440083970A /* OnboardingController.swift */; };
/* End PBXBuildFile section */

/* Begin PBXFileReference section */
		B11CED04230E81380083970A /* TestML.app */ = {isa = PBXFileReference; explicitFileType = wrapper.application; includeInIndex = 0; path = TestML.app; sourceTree = BUILT_PRODUCTS_DIR; };
		B11CED07230E81380083970A /* AppDelegate.swift */ = {isa = PBXFileReference; lastKnownFileType = sourcecode.swift; path = AppDelegate.swift; sourceTree = "<group>"; };
		B11CED09230E81380083970A /* ViewController.swift */ = {isa = PBXFileReference; lastKnownFileType = sourcecode.swift; path = ViewController.swift; sourceTree = "<group>"; };
		B11CED0C230E81380083970A /* Base */ = {isa = PBXFileReference; lastKnownFileType = file.storyboard; name = Base; path = Base.lproj/Home.storyboard; sourceTree = "<group>"; };
		B11CED0E230E81390083970A /* Assets.xcassets */ = {isa = PBXFileReference; lastKnownFileType = folder.assetcatalog; path = Assets.xcassets; sourceTree = "<group>"; };
		B11CED11230E81390083970A /* Base */ = {isa = PBXFileReference; lastKnownFileType = file.storyboard; name = Base; path = Base.lproj/LaunchScreen.storyboard; sourceTree = "<group>"; };
		B11CED13230E81390083970A /* Info.plist */ = {isa = PBXFileReference; lastKnownFileType = text.plist.xml; path = Info.plist; sourceTree = "<group>"; };
		B11CED2B230E9B440083970A /* OnBoarding.storyboard */ = {isa = PBXFileReference; fileEncoding = 4; lastKnownFileType = file.storyboard; path = OnBoarding.storyboard; sourceTree = "<group>"; };
		B11CED2C230E9B440083970A /* Slide.xib */ = {isa = PBXFileReference; fileEncoding = 4; lastKnownFileType = file.xib; path = Slide.xib; sourceTree = "<group>"; };
		B11CED2D230E9B440083970A /* GetStarted.swift */ = {isa = PBXFileReference; fileEncoding = 4; lastKnownFileType = sourcecode.swift; path = GetStarted.swift; sourceTree = "<group>"; };
		B11CED2E230E9B440083970A /* Slide.swift */ = {isa = PBXFileReference; fileEncoding = 4; lastKnownFileType = sourcecode.swift; path = Slide.swift; sourceTree = "<group>"; };
		B11CED2F230E9B440083970A /* OnboardingController.swift */ = {isa = PBXFileReference; fileEncoding = 4; lastKnownFileType = sourcecode.swift; path = OnboardingController.swift; sourceTree = "<group>"; };
/* End PBXFileReference section */

/* Begin PBXFrameworksBuildPhase section */
		B11CED01230E81380083970A /* Frameworks */ = {
			isa = PBXFrameworksBuildPhase;
			buildActionMask = 2147483647;
			files = (
			);
			runOnlyForDeploymentPostprocessing = 0;
		};
/* End PBXFrameworksBuildPhase section */

/* Begin PBXGroup section */
		B11CECFB230E81380083970A = {
			isa = PBXGroup;
			children = (
				B11CED06230E81380083970A /* TestML */,
				B11CED05230E81380083970A /* Products */,
			);
			sourceTree = "<group>";
		};
		B11CED05230E81380083970A /* Products */ = {
			isa = PBXGroup;
			children = (
				B11CED04230E81380083970A /* TestML.app */,
			);
			name = Products;
			sourceTree = "<group>";
		};
		B11CED06230E81380083970A /* TestML */ = {
			isa = PBXGroup;
			children = (
				B11CED1D230E9AB40083970A /* OnBoarding */,
				B11CED07230E81380083970A /* AppDelegate.swift */,
				B11CED09230E81380083970A /* ViewController.swift */,
				B11CED0B230E81380083970A /* Home.storyboard */,
				B11CED0E230E81390083970A /* Assets.xcassets */,
				B11CED10230E81390083970A /* LaunchScreen.storyboard */,
				B11CED13230E81390083970A /* Info.plist */,
			);
			path = TestML;
			sourceTree = "<group>";
		};
		B11CED1D230E9AB40083970A /* OnBoarding */ = {
			isa = PBXGroup;
			children = (
				B11CED2D230E9B440083970A /* GetStarted.swift */,
				B11CED2B230E9B440083970A /* OnBoarding.storyboard */,
				B11CED2F230E9B440083970A /* OnboardingController.swift */,
				B11CED2E230E9B440083970A /* Slide.swift */,
				B11CED2C230E9B440083970A /* Slide.xib */,
			);
			path = OnBoarding;
			sourceTree = "<group>";
		};
/* End PBXGroup section */

/* Begin PBXNativeTarget section */
		B11CED03230E81380083970A /* TestML */ = {
			isa = PBXNativeTarget;
			buildConfigurationList = B11CED16230E81390083970A /* Build configuration list for PBXNativeTarget "TestML" */;
			buildPhases = (
				B11CED00230E81380083970A /* Sources */,
				B11CED01230E81380083970A /* Frameworks */,
				B11CED02230E81380083970A /* Resources */,
			);
			buildRules = (
			);
			dependencies = (
			);
			name = TestML;
			productName = TestML;
			productReference = B11CED04230E81380083970A /* TestML.app */;
			productType = "com.apple.product-type.application";
		};
/* End PBXNativeTarget section */

/* Begin PBXProject section */
		B11CECFC230E81380083970A /* Project object */ = {
			isa = PBXProject;
			attributes = {
				LastSwiftUpdateCheck = 1030;
				LastUpgradeCheck = 1030;
				ORGANIZATIONNAME = "Michael Louis";
				TargetAttributes = {
					B11CED03230E81380083970A = {
						CreatedOnToolsVersion = 10.3;
					};
				};
			};
			buildConfigurationList = B11CECFF230E81380083970A /* Build configuration list for PBXProject "TestML" */;
			compatibilityVersion = "Xcode 9.3";
			developmentRegion = en;
			hasScannedForEncodings = 0;
			knownRegions = (
				en,
				Base,
			);
			mainGroup = B11CECFB230E81380083970A;
			productRefGroup = B11CED05230E81380083970A /* Products */;
			projectDirPath = "";
			projectRoot = "";
			targets = (
				B11CED03230E81380083970A /* TestML */,
			);
		};
/* End PBXProject section */

/* Begin PBXResourcesBuildPhase section */
		B11CED02230E81380083970A /* Resources */ = {
			isa = PBXResourcesBuildPhase;
			buildActionMask = 2147483647;
			files = (
				B11CED31230E9B440083970A /* Slide.xib in Resources */,
				B11CED12230E81390083970A /* LaunchScreen.storyboard in Resources */,
				B11CED0F230E81390083970A /* Assets.xcassets in Resources */,
				B11CED0D230E81380083970A /* Home.storyboard in Resources */,
				B11CED30230E9B440083970A /* OnBoarding.storyboard in Resources */,
			);
			runOnlyForDeploymentPostprocessing = 0;
		};
/* End PBXResourcesBuildPhase section */

/* Begin PBXSourcesBuildPhase section */
		B11CED00230E81380083970A /* Sources */ = {
			isa = PBXSourcesBuildPhase;
			buildActionMask = 2147483647;
			files = (
				B11CED32230E9B440083970A /* GetStarted.swift in Sources */,
				B11CED0A230E81380083970A /* ViewController.swift in Sources */,
				B11CED08230E81380083970A /* AppDelegate.swift in Sources */,
				B11CED34230E9B440083970A /* OnboardingController.swift in Sources */,
				B11CED33230E9B440083970A /* Slide.swift in Sources */,
			);
			runOnlyForDeploymentPostprocessing = 0;
		};
/* End PBXSourcesBuildPhase section */

/* Begin PBXVariantGroup section */
		B11CED0B230E81380083970A /* Home.storyboard */ = {
			isa = PBXVariantGroup;
			children = (
				B11CED0C230E81380083970A /* Base */,
			);
			name = Home.storyboard;
			sourceTree = "<group>";
		};
		B11CED10230E81390083970A /* LaunchScreen.storyboard */ = {
			isa = PBXVariantGroup;
			children = (
				B11CED11230E81390083970A /* Base */,
			);
			name = LaunchScreen.storyboard;
			sourceTree = "<group>";
		};
/* End PBXVariantGroup section */

/* Begin XCBuildConfiguration section */
		B11CED14230E81390083970A /* Debug */ = {
			isa = XCBuildConfiguration;
			buildSettings = {
				ALWAYS_SEARCH_USER_PATHS = NO;
				CLANG_ANALYZER_NONNULL = YES;
				CLANG_ANALYZER_NUMBER_OBJECT_CONVERSION = YES_AGGRESSIVE;
				CLANG_CXX_LANGUAGE_STANDARD = "gnu++14";
				CLANG_CXX_LIBRARY = "libc++";
				CLANG_ENABLE_MODULES = YES;
				CLANG_ENABLE_OBJC_ARC = YES;
				CLANG_ENABLE_OBJC_WEAK = YES;
				CLANG_WARN_BLOCK_CAPTURE_AUTORELEASING = YES;
				CLANG_WARN_BOOL_CONVERSION = YES;
				CLANG_WARN_COMMA = YES;
				CLANG_WARN_CONSTANT_CONVERSION = YES;
				CLANG_WARN_DEPRECATED_OBJC_IMPLEMENTATIONS = YES;
				CLANG_WARN_DIRECT_OBJC_ISA_USAGE = YES_ERROR;
				CLANG_WARN_DOCUMENTATION_COMMENTS = YES;
				CLANG_WARN_EMPTY_BODY = YES;
				CLANG_WARN_ENUM_CONVERSION = YES;
				CLANG_WARN_INFINITE_RECURSION = YES;
				CLANG_WARN_INT_CONVERSION = YES;
				CLANG_WARN_NON_LITERAL_NULL_CONVERSION = YES;
				CLANG_WARN_OBJC_IMPLICIT_RETAIN_SELF = YES;
				CLANG_WARN_OBJC_LITERAL_CONVERSION = YES;
				CLANG_WARN_OBJC_ROOT_CLASS = YES_ERROR;
				CLANG_WARN_RANGE_LOOP_ANALYSIS = YES;
				CLANG_WARN_STRICT_PROTOTYPES = YES;
				CLANG_WARN_SUSPICIOUS_MOVE = YES;
				CLANG_WARN_UNGUARDED_AVAILABILITY = YES_AGGRESSIVE;
				CLANG_WARN_UNREACHABLE_CODE = YES;
				CLANG_WARN__DUPLICATE_METHOD_MATCH = YES;
				CODE_SIGN_IDENTITY = "iPhone Developer";
				COPY_PHASE_STRIP = NO;
				DEBUG_INFORMATION_FORMAT = dwarf;
				ENABLE_STRICT_OBJC_MSGSEND = YES;
				ENABLE_TESTABILITY = YES;
				GCC_C_LANGUAGE_STANDARD = gnu11;
				GCC_DYNAMIC_NO_PIC = NO;
				GCC_NO_COMMON_BLOCKS = YES;
				GCC_OPTIMIZATION_LEVEL = 0;
				GCC_PREPROCESSOR_DEFINITIONS = (
					"DEBUG=1",
					"$(inherited)",
				);
				GCC_WARN_64_TO_32_BIT_CONVERSION = YES;
				GCC_WARN_ABOUT_RETURN_TYPE = YES_ERROR;
				GCC_WARN_UNDECLARED_SELECTOR = YES;
				GCC_WARN_UNINITIALIZED_AUTOS = YES_AGGRESSIVE;
				GCC_WARN_UNUSED_FUNCTION = YES;
				GCC_WARN_UNUSED_VARIABLE = YES;
				IPHONEOS_DEPLOYMENT_TARGET = 12.4;
				MTL_ENABLE_DEBUG_INFO = INCLUDE_SOURCE;
				MTL_FAST_MATH = YES;
				ONLY_ACTIVE_ARCH = YES;
				SDKROOT = iphoneos;
				SWIFT_ACTIVE_COMPILATION_CONDITIONS = DEBUG;
				SWIFT_OPTIMIZATION_LEVEL = "-Onone";
			};
			name = Debug;
		};
		B11CED15230E81390083970A /* Release */ = {
			isa = XCBuildConfiguration;
			buildSettings = {
				ALWAYS_SEARCH_USER_PATHS = NO;
				CLANG_ANALYZER_NONNULL = YES;
				CLANG_ANALYZER_NUMBER_OBJECT_CONVERSION = YES_AGGRESSIVE;
				CLANG_CXX_LANGUAGE_STANDARD = "gnu++14";
				CLANG_CXX_LIBRARY = "libc++";
				CLANG_ENABLE_MODULES = YES;
				CLANG_ENABLE_OBJC_ARC = YES;
				CLANG_ENABLE_OBJC_WEAK = YES;
				CLANG_WARN_BLOCK_CAPTURE_AUTORELEASING = YES;
				CLANG_WARN_BOOL_CONVERSION = YES;
				CLANG_WARN_COMMA = YES;
				CLANG_WARN_CONSTANT_CONVERSION = YES;
				CLANG_WARN_DEPRECATED_OBJC_IMPLEMENTATIONS = YES;
				CLANG_WARN_DIRECT_OBJC_ISA_USAGE = YES_ERROR;
				CLANG_WARN_DOCUMENTATION_COMMENTS = YES;
				CLANG_WARN_EMPTY_BODY = YES;
				CLANG_WARN_ENUM_CONVERSION = YES;
				CLANG_WARN_INFINITE_RECURSION = YES;
				CLANG_WARN_INT_CONVERSION = YES;
				CLANG_WARN_NON_LITERAL_NULL_CONVERSION = YES;
				CLANG_WARN_OBJC_IMPLICIT_RETAIN_SELF = YES;
				CLANG_WARN_OBJC_LITERAL_CONVERSION = YES;
				CLANG_WARN_OBJC_ROOT_CLASS = YES_ERROR;
				CLANG_WARN_RANGE_LOOP_ANALYSIS = YES;
				CLANG_WARN_STRICT_PROTOTYPES = YES;
				CLANG_WARN_SUSPICIOUS_MOVE = YES;
				CLANG_WARN_UNGUARDED_AVAILABILITY = YES_AGGRESSIVE;
				CLANG_WARN_UNREACHABLE_CODE = YES;
				CLANG_WARN__DUPLICATE_METHOD_MATCH = YES;
				CODE_SIGN_IDENTITY = "iPhone Developer";
				COPY_PHASE_STRIP = NO;
				DEBUG_INFORMATION_FORMAT = "dwarf-with-dsym";
				ENABLE_NS_ASSERTIONS = NO;
				ENABLE_STRICT_OBJC_MSGSEND = YES;
				GCC_C_LANGUAGE_STANDARD = gnu11;
				GCC_NO_COMMON_BLOCKS = YES;
				GCC_WARN_64_TO_32_BIT_CONVERSION = YES;
				GCC_WARN_ABOUT_RETURN_TYPE = YES_ERROR;
				GCC_WARN_UNDECLARED_SELECTOR = YES;
				GCC_WARN_UNINITIALIZED_AUTOS = YES_AGGRESSIVE;
				GCC_WARN_UNUSED_FUNCTION = YES;
				GCC_WARN_UNUSED_VARIABLE = YES;
				IPHONEOS_DEPLOYMENT_TARGET = 12.4;
				MTL_ENABLE_DEBUG_INFO = NO;
				MTL_FAST_MATH = YES;
				SDKROOT = iphoneos;
				SWIFT_COMPILATION_MODE = wholemodule;
				SWIFT_OPTIMIZATION_LEVEL = "-O";
				VALIDATE_PRODUCT = YES;
			};
			name = Release;
		};
		B11CED17230E81390083970A /* Debug */ = {
			isa = XCBuildConfiguration;
			buildSettings = {
				ASSETCATALOG_COMPILER_APPICON_NAME = AppIcon;
				CODE_SIGN_STYLE = Automatic;
				DEVELOPMENT_TEAM = 8U4NGP5AAN;
				INFOPLIST_FILE = TestML/Info.plist;
				IPHONEOS_DEPLOYMENT_TARGET = 12.3;
				LD_RUNPATH_SEARCH_PATHS = (
					"$(inherited)",
					"@executable_path/Frameworks",
				);
				PRODUCT_BUNDLE_IDENTIFIER = "Apple-Developer-Academy.TestML";
				PRODUCT_NAME = "$(TARGET_NAME)";
				SWIFT_VERSION = 5.0;
				TARGETED_DEVICE_FAMILY = "1,2";
			};
			name = Debug;
		};
		B11CED18230E81390083970A /* Release */ = {
			isa = XCBuildConfiguration;
			buildSettings = {
				ASSETCATALOG_COMPILER_APPICON_NAME = AppIcon;
				CODE_SIGN_STYLE = Automatic;
				DEVELOPMENT_TEAM = 8U4NGP5AAN;
				INFOPLIST_FILE = TestML/Info.plist;
				IPHONEOS_DEPLOYMENT_TARGET = 12.3;
				LD_RUNPATH_SEARCH_PATHS = (
					"$(inherited)",
					"@executable_path/Frameworks",
				);
				PRODUCT_BUNDLE_IDENTIFIER = "Apple-Developer-Academy.TestML";
				PRODUCT_NAME = "$(TARGET_NAME)";
				SWIFT_VERSION = 5.0;
				TARGETED_DEVICE_FAMILY = "1,2";
			};
			name = Release;
		};
/* End XCBuildConfiguration section */

/* Begin XCConfigurationList section */
		B11CECFF230E81380083970A /* Build configuration list for PBXProject "TestML" */ = {
			isa = XCConfigurationList;
			buildConfigurations = (
				B11CED14230E81390083970A /* Debug */,
				B11CED15230E81390083970A /* Release */,
			);
			defaultConfigurationIsVisible = 0;
			defaultConfigurationName = Release;
		};
		B11CED16230E81390083970A /* Build configuration list for PBXNativeTarget "TestML" */ = {
			isa = XCConfigurationList;
			buildConfigurations = (
				B11CED17230E81390083970A /* Debug */,
				B11CED18230E81390083970A /* Release */,
			);
			defaultConfigurationIsVisible = 0;
			defaultConfigurationName = Release;
		};
/* End XCConfigurationList section */
	};
	rootObject = B11CECFC230E81380083970A /* Project object */;
}
